
Microsoft Visual Studio Solution File, Format Version 12.00
# Visual Studio Version 17
VisualStudioVersion = 17.3.32929.385
MinimumVisualStudioVersion = 10.0.40219.1
Project("{FAE04EC0-301F-11D3-BF4B-00C04F79EFBC}") = "SQL Connection", "SQL Connection\SQL Connection.csproj", "{A427BB3D-3ED9-4D26-B1CE-2095BD10E2DF}"
EndProject
Global
	GlobalSection(SolutionConfigurationPlatforms) = preSolution
		Debug|Any CPU = Debug|Any CPU
		Release|Any CPU = Release|Any CPU
	EndGlobalSection
	GlobalSection(ProjectConfigurationPlatforms) = postSolution
		{A427BB3D-3ED9-4D26-B1CE-2095BD10E2DF}.Debug|Any CPU.ActiveCfg = Debug|Any CPU
		{A427BB3D-3ED9-4D26-B1CE-2095BD10E2DF}.Debug|Any CPU.Build.0 = Debug|Any CPU
		{A427BB3D-3ED9-4D26-B1CE-2095BD10E2DF}.Release|Any CPU.ActiveCfg = Release|Any CPU
		{A427BB3D-3ED9-4D26-B1CE-2095BD10E2DF}.Release|Any CPU.Build.0 = Release|Any CPU
	EndGlobalSection
	GlobalSection(SolutionProperties) = preSolution
		HideSolutionNode = FALSE
	EndGlobalSection
	GlobalSection(ExtensibilityGlobals) = postSolution
		SolutionGuid = {F2D5D0BA-B913-4CD5-819B-FCE4861E6DAE}
	EndGlobalSection
EndGlobal
